
Microsoft Visual Studio Solution File, Format Version 12.00
# Visual Studio Version 17
VisualStudioVersion = 17.6.33723.286
MinimumVisualStudioVersion = 10.0.40219.1
Project("{FAE04EC0-301F-11D3-BF4B-00C04F79EFBC}") = "DemoProject", "DemoProject\DemoProject.csproj", "{30921961-1FE3-42B0-9A45-34745641DF7E}"
EndProject
Global
	GlobalSection(SolutionConfigurationPlatforms) = preSolution
		Debug|Any CPU = Debug|Any CPU
		Release|Any CPU = Release|Any CPU
	EndGlobalSection
	GlobalSection(ProjectConfigurationPlatforms) = postSolution
		{30921961-1FE3-42B0-9A45-34745641DF7E}.Debug|Any CPU.ActiveCfg = Debug|Any CPU
		{30921961-1FE3-42B0-9A45-34745641DF7E}.Debug|Any CPU.Build.0 = Debug|Any CPU
		{30921961-1FE3-42B0-9A45-34745641DF7E}.Release|Any CPU.ActiveCfg = Release|Any CPU
		{30921961-1FE3-42B0-9A45-34745641DF7E}.Release|Any CPU.Build.0 = Release|Any CPU
	EndGlobalSection
	GlobalSection(SolutionProperties) = preSolution
		HideSolutionNode = FALSE
	EndGlobalSection
	GlobalSection(ExtensibilityGlobals) = postSolution
		SolutionGuid = {C4153725-6995-4895-B11D-1EAF14A4EE3A}
	EndGlobalSection
EndGlobal
